schema: '2.0'
stages:
  prepare:
    cmd: python3 src/prepare.py data/diabetes_prediction_dataset.csv
    deps:
    - path: data/diabetes_prediction_dataset.csv
      md5: cb243b99d81d96e9aeb08944ce9ac066
      size: 3810356
    - path: src/prepare.py
      md5: d4a2868274f646658b11ae96240e7e25
      size: 1514
    params:
      params.yaml:
        prepare.seed: 20170428
        prepare.split: 0.2
    outs:
    - path: data/prepared
      md5: d67d5be1616c1b07040282b978c7eb70.dir
      size: 9954241
      nfiles: 2
  train:
    cmd: python3 src/train.py data/prepared/train.csv model.pkl
    deps:
    - path: data/prepared/train.csv
      md5: e72b9ecbb18c7fdd9121be0513e3ae9a
      size: 7943028
    - path: src/train.py
      md5: cbf0bb89f874bd5c07d79867883d8648
      size: 600
    params:
      params.yaml:
        train.seed: 20170428
    outs:
    - path: model.pkl
      md5: fe175d57434bf8a0c5b534b530ff3e9c
      size: 1217
  evaluate:
    cmd: python3 src/evaluate.py data/prepared model.pkl
    deps:
    - path: data/prepared
      md5: d67d5be1616c1b07040282b978c7eb70.dir
      size: 9954241
      nfiles: 2
    - path: model.pkl
      md5: fe175d57434bf8a0c5b534b530ff3e9c
      size: 1217
    - path: src/evaluate.py
      md5: 8e3fdc389ff97051870ef3adf3f7ac22
      size: 2132
    outs:
    - path: eval/live/metrics.json
      md5: d7bfd0c7f2739845e6c5d8660d5f5053
      size: 196
    - path: eval/live/plots
      md5: 895e79a2233bf563ab7d5f2cdc86202c.dir
      size: 7626656
      nfiles: 4
    - path: eval/prc
      md5: 7feb225cb0ebb48b89071a14bf447eb8.dir
      size: 295063
      nfiles: 2
