schema: '2.0'
stages:
  prepare:
    cmd: python3 src/prepare.py data/diabetes_prediction_dataset.csv
    deps:
    - path: data/diabetes_prediction_dataset.csv
      md5: cb243b99d81d96e9aeb08944ce9ac066
      size: 3810356
    - path: src/prepare.py
      md5: 5c50246dda7a567d0b7b337ae1169db9
      size: 1319
    params:
      params.yaml:
        prepare.seed: 20170428
        prepare.split: 0.2
    outs:
    - path: data/prepared
      md5: 6240128d30f661586daa9778e0afe065.dir
      size: 10058119
      nfiles: 2
  train:
    cmd: python3 src/train.py data/prepared/train.csv model.pkl
    deps:
    - path: data/prepared/train.csv
      md5: f5b6c179c85766a794dedacecb8b97d0
      size: 8045545
    - path: src/train.py
      md5: cbf0bb89f874bd5c07d79867883d8648
      size: 600
    params:
      params.yaml:
        train.seed: 20170428
    outs:
    - path: model.pkl
      md5: 0e06a72836f3a12f56045628c3078858
      size: 1217
  evaluate:
    cmd: python3 src/evaluate.py data/prepared model.pkl
    deps:
    - path: data/prepared
      md5: 6240128d30f661586daa9778e0afe065.dir
      size: 10058119
      nfiles: 2
    - path: model.pkl
      md5: 0e06a72836f3a12f56045628c3078858
      size: 1217
    - path: src/evaluate.py
      md5: 8e3fdc389ff97051870ef3adf3f7ac22
      size: 2132
    outs:
    - path: eval/live/metrics.json
      md5: c3bbd02f2cdadab745b699890125ab63
      size: 195
    - path: eval/live/plots
      md5: ce06c346125f3dc0145a356c6dab8b30.dir
      size: 7609233
      nfiles: 4
    - path: eval/prc
      md5: 12e3d1a0cb6f26867a8fff5e2ae83fa3.dir
      size: 295934
      nfiles: 2
